
Microsoft Visual Studio Solution File, Format Version 12.00
# Visual Studio Version 17
VisualStudioVersion = 17.9.34902.65
MinimumVisualStudioVersion = 10.0.40219.1
Project("{9A19103F-16F7-4668-BE54-9A1E7A4F7556}") = "SeleniumExample", "SeleniumExample\SeleniumExample.csproj", "{5A95BAB6-4506-4D47-9D12-6F5B68A931C6}"
EndProject
Global
	GlobalSection(SolutionConfigurationPlatforms) = preSolution
		Debug|Any CPU = Debug|Any CPU
		Release|Any CPU = Release|Any CPU
	EndGlobalSection
	GlobalSection(ProjectConfigurationPlatforms) = postSolution
		{5A95BAB6-4506-4D47-9D12-6F5B68A931C6}.Debug|Any CPU.ActiveCfg = Debug|Any CPU
		{5A95BAB6-4506-4D47-9D12-6F5B68A931C6}.Debug|Any CPU.Build.0 = Debug|Any CPU
		{5A95BAB6-4506-4D47-9D12-6F5B68A931C6}.Release|Any CPU.ActiveCfg = Release|Any CPU
		{5A95BAB6-4506-4D47-9D12-6F5B68A931C6}.Release|Any CPU.Build.0 = Release|Any CPU
	EndGlobalSection
	GlobalSection(SolutionProperties) = preSolution
		HideSolutionNode = FALSE
	EndGlobalSection
	GlobalSection(ExtensibilityGlobals) = postSolution
		SolutionGuid = {D1BEE2F2-3FA6-41A2-A278-6E7FCB7A1F94}
	EndGlobalSection
EndGlobal
